
Microsoft Visual Studio Solution File, Format Version 12.00
# Visual Studio Version 16
VisualStudioVersion = 16.0.29215.179
MinimumVisualStudioVersion = 10.0.40219.1
Project("{FAE04EC0-301F-11D3-BF4B-00C04F79EFBC}") = "Lab 4 Part 1", "Lab 4 Part 1.csproj", "{405FC87C-96F1-4FF4-96B9-B63CDD2572EB}"
EndProject
Global
	GlobalSection(SolutionConfigurationPlatforms) = preSolution
		Debug|Any CPU = Debug|Any CPU
		Release|Any CPU = Release|Any CPU
	EndGlobalSection
	GlobalSection(ProjectConfigurationPlatforms) = postSolution
		{405FC87C-96F1-4FF4-96B9-B63CDD2572EB}.Debug|Any CPU.ActiveCfg = Debug|Any CPU
		{405FC87C-96F1-4FF4-96B9-B63CDD2572EB}.Debug|Any CPU.Build.0 = Debug|Any CPU
		{405FC87C-96F1-4FF4-96B9-B63CDD2572EB}.Release|Any CPU.ActiveCfg = Release|Any CPU
		{405FC87C-96F1-4FF4-96B9-B63CDD2572EB}.Release|Any CPU.Build.0 = Release|Any CPU
	EndGlobalSection
	GlobalSection(SolutionProperties) = preSolution
		HideSolutionNode = FALSE
	EndGlobalSection
	GlobalSection(ExtensibilityGlobals) = postSolution
		SolutionGuid = {5E3A9F09-104D-4330-AE71-A38DBD7A7AB0}
	EndGlobalSection
EndGlobal
